
Microsoft Visual Studio Solution File, Format Version 12.00
# Visual Studio Version 17
VisualStudioVersion = 17.11.35327.3
MinimumVisualStudioVersion = 10.0.40219.1
Project("{FAE04EC0-301F-11D3-BF4B-00C04F79EFBC}") = "CRUD", "CRUD.csproj", "{47928CFF-9B5B-464A-92F6-182B35D7C0FF}"
EndProject
Global
	GlobalSection(SolutionConfigurationPlatforms) = preSolution
		Debug|Any CPU = Debug|Any CPU
		Release|Any CPU = Release|Any CPU
	EndGlobalSection
	GlobalSection(ProjectConfigurationPlatforms) = postSolution
		{47928CFF-9B5B-464A-92F6-182B35D7C0FF}.Debug|Any CPU.ActiveCfg = Debug|Any CPU
		{47928CFF-9B5B-464A-92F6-182B35D7C0FF}.Debug|Any CPU.Build.0 = Debug|Any CPU
		{47928CFF-9B5B-464A-92F6-182B35D7C0FF}.Release|Any CPU.ActiveCfg = Release|Any CPU
		{47928CFF-9B5B-464A-92F6-182B35D7C0FF}.Release|Any CPU.Build.0 = Release|Any CPU
	EndGlobalSection
	GlobalSection(SolutionProperties) = preSolution
		HideSolutionNode = FALSE
	EndGlobalSection
	GlobalSection(ExtensibilityGlobals) = postSolution
		SolutionGuid = {6EF00584-64DC-4DE4-9DF4-F65A44E7C7CC}
	EndGlobalSection
EndGlobal
