
Microsoft Visual Studio Solution File, Format Version 12.00
# Visual Studio Version 17
VisualStudioVersion = 17.11.35327.3
MinimumVisualStudioVersion = 10.0.40219.1
Project("{FAE04EC0-301F-11D3-BF4B-00C04F79EFBC}") = "alertas", "alertas.csproj", "{CFF94E01-BDC2-4197-A6FD-D0E297641D4C}"
EndProject
Global
	GlobalSection(SolutionConfigurationPlatforms) = preSolution
		Debug|Any CPU = Debug|Any CPU
		Debug|ARM64 = Debug|ARM64
		Release|Any CPU = Release|Any CPU
		Release|ARM64 = Release|ARM64
	EndGlobalSection
	GlobalSection(ProjectConfigurationPlatforms) = postSolution
		{CFF94E01-BDC2-4197-A6FD-D0E297641D4C}.Debug|Any CPU.ActiveCfg = Debug|Any CPU
		{CFF94E01-BDC2-4197-A6FD-D0E297641D4C}.Debug|Any CPU.Build.0 = Debug|Any CPU
		{CFF94E01-BDC2-4197-A6FD-D0E297641D4C}.Debug|ARM64.ActiveCfg = Debug|ARM64
		{CFF94E01-BDC2-4197-A6FD-D0E297641D4C}.Debug|ARM64.Build.0 = Debug|ARM64
		{CFF94E01-BDC2-4197-A6FD-D0E297641D4C}.Release|Any CPU.ActiveCfg = Release|Any CPU
		{CFF94E01-BDC2-4197-A6FD-D0E297641D4C}.Release|Any CPU.Build.0 = Release|Any CPU
		{CFF94E01-BDC2-4197-A6FD-D0E297641D4C}.Release|ARM64.ActiveCfg = Release|ARM64
		{CFF94E01-BDC2-4197-A6FD-D0E297641D4C}.Release|ARM64.Build.0 = Release|ARM64
	EndGlobalSection
	GlobalSection(SolutionProperties) = preSolution
		HideSolutionNode = FALSE
	EndGlobalSection
	GlobalSection(ExtensibilityGlobals) = postSolution
		SolutionGuid = {65D71A96-1E94-4207-94D1-3D3039FAD73E}
	EndGlobalSection
EndGlobal
